
Microsoft Visual Studio Solution File, Format Version 12.00
# Visual Studio Version 16
VisualStudioVersion = 16.0.31702.278
MinimumVisualStudioVersion = 10.0.40219.1
Project("{FAE04EC0-301F-11D3-BF4B-00C04F79EFBC}") = "HangersUI", "HangersPlugin\HangersUI.csproj", "{788C8035-857F-4024-A41D-E7B38F78B5A5}"
EndProject
Project("{FAE04EC0-301F-11D3-BF4B-00C04F79EFBC}") = "Hangers", "Hangers\Hangers.csproj", "{E07C4E54-C794-4A2C-B7A9-CAD7D46B2D67}"
EndProject
Project("{FAE04EC0-301F-11D3-BF4B-00C04F79EFBC}") = "HangerKompasBuilder", "KompassConnector\HangerKompasBuilder.csproj", "{FDEB2576-38EE-4334-B62B-7CBFEBA6F524}"
EndProject
Project("{FAE04EC0-301F-11D3-BF4B-00C04F79EFBC}") = "HangerUnitTests", "HangerUnitTests\HangerUnitTests.csproj", "{C22B8FD7-38B1-45AF-AD6C-EC98DF214DC2}"
EndProject
Global
	GlobalSection(SolutionConfigurationPlatforms) = preSolution
		Debug|Any CPU = Debug|Any CPU
		Release|Any CPU = Release|Any CPU
	EndGlobalSection
	GlobalSection(ProjectConfigurationPlatforms) = postSolution
		{788C8035-857F-4024-A41D-E7B38F78B5A5}.Debug|Any CPU.ActiveCfg = Debug|Any CPU
		{788C8035-857F-4024-A41D-E7B38F78B5A5}.Debug|Any CPU.Build.0 = Debug|Any CPU
		{788C8035-857F-4024-A41D-E7B38F78B5A5}.Release|Any CPU.ActiveCfg = Release|Any CPU
		{788C8035-857F-4024-A41D-E7B38F78B5A5}.Release|Any CPU.Build.0 = Release|Any CPU
		{E07C4E54-C794-4A2C-B7A9-CAD7D46B2D67}.Debug|Any CPU.ActiveCfg = Debug|Any CPU
		{E07C4E54-C794-4A2C-B7A9-CAD7D46B2D67}.Debug|Any CPU.Build.0 = Debug|Any CPU
		{E07C4E54-C794-4A2C-B7A9-CAD7D46B2D67}.Release|Any CPU.ActiveCfg = Release|Any CPU
		{E07C4E54-C794-4A2C-B7A9-CAD7D46B2D67}.Release|Any CPU.Build.0 = Release|Any CPU
		{FDEB2576-38EE-4334-B62B-7CBFEBA6F524}.Debug|Any CPU.ActiveCfg = Debug|Any CPU
		{FDEB2576-38EE-4334-B62B-7CBFEBA6F524}.Debug|Any CPU.Build.0 = Debug|Any CPU
		{FDEB2576-38EE-4334-B62B-7CBFEBA6F524}.Release|Any CPU.ActiveCfg = Release|Any CPU
		{FDEB2576-38EE-4334-B62B-7CBFEBA6F524}.Release|Any CPU.Build.0 = Release|Any CPU
		{C22B8FD7-38B1-45AF-AD6C-EC98DF214DC2}.Debug|Any CPU.ActiveCfg = Debug|Any CPU
		{C22B8FD7-38B1-45AF-AD6C-EC98DF214DC2}.Debug|Any CPU.Build.0 = Debug|Any CPU
		{C22B8FD7-38B1-45AF-AD6C-EC98DF214DC2}.Release|Any CPU.ActiveCfg = Release|Any CPU
		{C22B8FD7-38B1-45AF-AD6C-EC98DF214DC2}.Release|Any CPU.Build.0 = Release|Any CPU
	EndGlobalSection
	GlobalSection(SolutionProperties) = preSolution
		HideSolutionNode = FALSE
	EndGlobalSection
	GlobalSection(ExtensibilityGlobals) = postSolution
		SolutionGuid = {4D29A666-5EFF-4ABE-A0A9-96DA17CEB36E}
	EndGlobalSection
EndGlobal
